
Microsoft Visual Studio Solution File, Format Version 12.00
# Visual Studio Version 16
VisualStudioVersion = 16.0.35425.106
MinimumVisualStudioVersion = 10.0.40219.1
Project("{FAE04EC0-301F-11D3-BF4B-00C04F79EFBC}") = "AntiXssTest1", "AntiXssTest1.csproj", "{8DBE5189-0CA1-4B2B-AE03-392E6EE9C8EC}"
EndProject
Global
	GlobalSection(SolutionConfigurationPlatforms) = preSolution
		Debug|Any CPU = Debug|Any CPU
		Release|Any CPU = Release|Any CPU
	EndGlobalSection
	GlobalSection(ProjectConfigurationPlatforms) = postSolution
		{8DBE5189-0CA1-4B2B-AE03-392E6EE9C8EC}.Debug|Any CPU.ActiveCfg = Debug|Any CPU
		{8DBE5189-0CA1-4B2B-AE03-392E6EE9C8EC}.Debug|Any CPU.Build.0 = Debug|Any CPU
		{8DBE5189-0CA1-4B2B-AE03-392E6EE9C8EC}.Release|Any CPU.ActiveCfg = Release|Any CPU
		{8DBE5189-0CA1-4B2B-AE03-392E6EE9C8EC}.Release|Any CPU.Build.0 = Release|Any CPU
	EndGlobalSection
	GlobalSection(SolutionProperties) = preSolution
		HideSolutionNode = FALSE
	EndGlobalSection
	GlobalSection(ExtensibilityGlobals) = postSolution
		SolutionGuid = {8AA83F64-65D1-40BC-B9BF-14E61D993A7B}
	EndGlobalSection
EndGlobal
